
Microsoft Visual Studio Solution File, Format Version 12.00
# Visual Studio Version 17
VisualStudioVersion = 17.2.32630.192
MinimumVisualStudioVersion = 10.0.40219.1
Project("{F184B08F-C81C-45F6-A57F-5ABD9991F28F}") = "vending macheine 2. desert boogaloo", "vending macheine 2. desert boogaloo\vending macheine 2. desert boogaloo.vbproj", "{05740B81-1C7F-48DF-85F4-06397E3E719E}"
EndProject
Global
	GlobalSection(SolutionConfigurationPlatforms) = preSolution
		Debug|Any CPU = Debug|Any CPU
		Release|Any CPU = Release|Any CPU
	EndGlobalSection
	GlobalSection(ProjectConfigurationPlatforms) = postSolution
		{05740B81-1C7F-48DF-85F4-06397E3E719E}.Debug|Any CPU.ActiveCfg = Debug|Any CPU
		{05740B81-1C7F-48DF-85F4-06397E3E719E}.Debug|Any CPU.Build.0 = Debug|Any CPU
		{05740B81-1C7F-48DF-85F4-06397E3E719E}.Release|Any CPU.ActiveCfg = Release|Any CPU
		{05740B81-1C7F-48DF-85F4-06397E3E719E}.Release|Any CPU.Build.0 = Release|Any CPU
	EndGlobalSection
	GlobalSection(SolutionProperties) = preSolution
		HideSolutionNode = FALSE
	EndGlobalSection
	GlobalSection(ExtensibilityGlobals) = postSolution
		SolutionGuid = {0B80B4D4-2270-4C49-A075-C766F331EAAE}
	EndGlobalSection
EndGlobal
